// !$*UTF8*$!
{
	archiveVersion = 1;
	classes = {
	};
	objectVersion = 50;
	objects = {

/* Begin PBXBuildFile section */
		73137CD126E30F9800348338 /* .swiftlint.yml in Resources */ = {isa = PBXBuildFile; fileRef = 73137CD026E30F9800348338 /* .swiftlint.yml */; };
		734642C126D61B8F006E7DEE /* AppDelegate.swift in Sources */ = {isa = PBXBuildFile; fileRef = 734642C026D61B8F006E7DEE /* AppDelegate.swift */; };
		734642C326D61B8F006E7DEE /* SceneDelegate.swift in Sources */ = {isa = PBXBuildFile; fileRef = 734642C226D61B8F006E7DEE /* SceneDelegate.swift */; };
		734642C526D61B8F006E7DEE /* ViewController.swift in Sources */ = {isa = PBXBuildFile; fileRef = 734642C426D61B8F006E7DEE /* ViewController.swift */; };
		734642C826D61B8F006E7DEE /* Main.storyboard in Resources */ = {isa = PBXBuildFile; fileRef = 734642C626D61B8F006E7DEE /* Main.storyboard */; };
		734642CA26D61B91006E7DEE /* Assets.xcassets in Resources */ = {isa = PBXBuildFile; fileRef = 734642C926D61B91006E7DEE /* Assets.xcassets */; };
		734642CD26D61B91006E7DEE /* LaunchScreen.storyboard in Resources */ = {isa = PBXBuildFile; fileRef = 734642CB26D61B91006E7DEE /* LaunchScreen.storyboard */; };
/* End PBXBuildFile section */

/* Begin PBXFileReference section */
		73137CD026E30F9800348338 /* .swiftlint.yml */ = {isa = PBXFileReference; lastKnownFileType = text.yaml; path = .swiftlint.yml; sourceTree = "<group>"; };
		734642BD26D61B8F006E7DEE /* Kadai10.app */ = {isa = PBXFileReference; explicitFileType = wrapper.application; includeInIndex = 0; path = Kadai10.app; sourceTree = BUILT_PRODUCTS_DIR; };
		734642C026D61B8F006E7DEE /* AppDelegate.swift */ = {isa = PBXFileReference; lastKnownFileType = sourcecode.swift; path = AppDelegate.swift; sourceTree = "<group>"; };
		734642C226D61B8F006E7DEE /* SceneDelegate.swift */ = {isa = PBXFileReference; lastKnownFileType = sourcecode.swift; path = SceneDelegate.swift; sourceTree = "<group>"; };
		734642C426D61B8F006E7DEE /* ViewController.swift */ = {isa = PBXFileReference; lastKnownFileType = sourcecode.swift; path = ViewController.swift; sourceTree = "<group>"; };
		734642C726D61B8F006E7DEE /* Base */ = {isa = PBXFileReference; lastKnownFileType = file.storyboard; name = Base; path = Base.lproj/Main.storyboard; sourceTree = "<group>"; };
		734642C926D61B91006E7DEE /* Assets.xcassets */ = {isa = PBXFileReference; lastKnownFileType = folder.assetcatalog; path = Assets.xcassets; sourceTree = "<group>"; };
		734642CC26D61B91006E7DEE /* Base */ = {isa = PBXFileReference; lastKnownFileType = file.storyboard; name = Base; path = Base.lproj/LaunchScreen.storyboard; sourceTree = "<group>"; };
		734642CE26D61B91006E7DEE /* Info.plist */ = {isa = PBXFileReference; lastKnownFileType = text.plist.xml; path = Info.plist; sourceTree = "<group>"; };
/* End PBXFileReference section */

/* Begin PBXFrameworksBuildPhase section */
		734642BA26D61B8F006E7DEE /* Frameworks */ = {
			isa = PBXFrameworksBuildPhase;
			buildActionMask = 2147483647;
			files = (
			);
			runOnlyForDeploymentPostprocessing = 0;
		};
/* End PBXFrameworksBuildPhase section */

/* Begin PBXGroup section */
		734642B426D61B8F006E7DEE = {
			isa = PBXGroup;
			children = (
				73137CD026E30F9800348338 /* .swiftlint.yml */,
				734642BF26D61B8F006E7DEE /* Kadai10 */,
				734642BE26D61B8F006E7DEE /* Products */,
			);
			sourceTree = "<group>";
		};
		734642BE26D61B8F006E7DEE /* Products */ = {
			isa = PBXGroup;
			children = (
				734642BD26D61B8F006E7DEE /* Kadai10.app */,
			);
			name = Products;
			sourceTree = "<group>";
		};
		734642BF26D61B8F006E7DEE /* Kadai10 */ = {
			isa = PBXGroup;
			children = (
				734642C026D61B8F006E7DEE /* AppDelegate.swift */,
				734642C226D61B8F006E7DEE /* SceneDelegate.swift */,
				734642C426D61B8F006E7DEE /* ViewController.swift */,
				734642C626D61B8F006E7DEE /* Main.storyboard */,
				734642C926D61B91006E7DEE /* Assets.xcassets */,
				734642CB26D61B91006E7DEE /* LaunchScreen.storyboard */,
				734642CE26D61B91006E7DEE /* Info.plist */,
			);
			path = Kadai10;
			sourceTree = "<group>";
		};
/* End PBXGroup section */

/* Begin PBXNativeTarget section */
		734642BC26D61B8F006E7DEE /* Kadai10 */ = {
			isa = PBXNativeTarget;
			buildConfigurationList = 734642D126D61B91006E7DEE /* Build configuration list for PBXNativeTarget "Kadai10" */;
			buildPhases = (
				734642B926D61B8F006E7DEE /* Sources */,
				734642BA26D61B8F006E7DEE /* Frameworks */,
				734642BB26D61B8F006E7DEE /* Resources */,
			);
			buildRules = (
			);
			dependencies = (
			);
			name = Kadai10;
			productName = Kadai10;
			productReference = 734642BD26D61B8F006E7DEE /* Kadai10.app */;
			productType = "com.apple.product-type.application";
		};
/* End PBXNativeTarget section */

/* Begin PBXProject section */
		734642B526D61B8F006E7DEE /* Project object */ = {
			isa = PBXProject;
			attributes = {
				LastSwiftUpdateCheck = 1250;
				LastUpgradeCheck = 1250;
				TargetAttributes = {
					734642BC26D61B8F006E7DEE = {
						CreatedOnToolsVersion = 12.5.1;
					};
				};
			};
			buildConfigurationList = 734642B826D61B8F006E7DEE /* Build configuration list for PBXProject "Kadai10" */;
			compatibilityVersion = "Xcode 9.3";
			developmentRegion = en;
			hasScannedForEncodings = 0;
			knownRegions = (
				en,
				Base,
			);
			mainGroup = 734642B426D61B8F006E7DEE;
			productRefGroup = 734642BE26D61B8F006E7DEE /* Products */;
			projectDirPath = "";
			projectRoot = "";
			targets = (
				734642BC26D61B8F006E7DEE /* Kadai10 */,
			);
		};
/* End PBXProject section */

/* Begin PBXResourcesBuildPhase section */
		734642BB26D61B8F006E7DEE /* Resources */ = {
			isa = PBXResourcesBuildPhase;
			buildActionMask = 2147483647;
			files = (
				73137CD126E30F9800348338 /* .swiftlint.yml in Resources */,
				734642CD26D61B91006E7DEE /* LaunchScreen.storyboard in Resources */,
				734642CA26D61B91006E7DEE /* Assets.xcassets in Resources */,
				734642C826D61B8F006E7DEE /* Main.storyboard in Resources */,
			);
			runOnlyForDeploymentPostprocessing = 0;
		};
/* End PBXResourcesBuildPhase section */

/* Begin PBXSourcesBuildPhase section */
		734642B926D61B8F006E7DEE /* Sources */ = {
			isa = PBXSourcesBuildPhase;
			buildActionMask = 2147483647;
			files = (
				734642C526D61B8F006E7DEE /* ViewController.swift in Sources */,
				734642C126D61B8F006E7DEE /* AppDelegate.swift in Sources */,
				734642C326D61B8F006E7DEE /* SceneDelegate.swift in Sources */,
			);
			runOnlyForDeploymentPostprocessing = 0;
		};
/* End PBXSourcesBuildPhase section */

/* Begin PBXVariantGroup section */
		734642C626D61B8F006E7DEE /* Main.storyboard */ = {
			isa = PBXVariantGroup;
			children = (
				734642C726D61B8F006E7DEE /* Base */,
			);
			name = Main.storyboard;
			sourceTree = "<group>";
		};
		734642CB26D61B91006E7DEE /* LaunchScreen.storyboard */ = {
			isa = PBXVariantGroup;
			children = (
				734642CC26D61B91006E7DEE /* Base */,
			);
			name = LaunchScreen.storyboard;
			sourceTree = "<group>";
		};
/* End PBXVariantGroup section */

/* Begin XCBuildConfiguration section */
		734642CF26D61B91006E7DEE /* Debug */ = {
			isa = XCBuildConfiguration;
			buildSettings = {
				ALWAYS_SEARCH_USER_PATHS = NO;
				CLANG_ANALYZER_NONNULL = YES;
				CLANG_ANALYZER_NUMBER_OBJECT_CONVERSION = YES_AGGRESSIVE;
				CLANG_CXX_LANGUAGE_STANDARD = "gnu++14";
				CLANG_CXX_LIBRARY = "libc++";
				CLANG_ENABLE_MODULES = YES;
				CLANG_ENABLE_OBJC_ARC = YES;
				CLANG_ENABLE_OBJC_WEAK = YES;
				CLANG_WARN_BLOCK_CAPTURE_AUTORELEASING = YES;
				CLANG_WARN_BOOL_CONVERSION = YES;
				CLANG_WARN_COMMA = YES;
				CLANG_WARN_CONSTANT_CONVERSION = YES;
				CLANG_WARN_DEPRECATED_OBJC_IMPLEMENTATIONS = YES;
				CLANG_WARN_DIRECT_OBJC_ISA_USAGE = YES_ERROR;
				CLANG_WARN_DOCUMENTATION_COMMENTS = YES;
				CLANG_WARN_EMPTY_BODY = YES;
				CLANG_WARN_ENUM_CONVERSION = YES;
				CLANG_WARN_INFINITE_RECURSION = YES;
				CLANG_WARN_INT_CONVERSION = YES;
				CLANG_WARN_NON_LITERAL_NULL_CONVERSION = YES;
				CLANG_WARN_OBJC_IMPLICIT_RETAIN_SELF = YES;
				CLANG_WARN_OBJC_LITERAL_CONVERSION = YES;
				CLANG_WARN_OBJC_ROOT_CLASS = YES_ERROR;
				CLANG_WARN_QUOTED_INCLUDE_IN_FRAMEWORK_HEADER = YES;
				CLANG_WARN_RANGE_LOOP_ANALYSIS = YES;
				CLANG_WARN_STRICT_PROTOTYPES = YES;
				CLANG_WARN_SUSPICIOUS_MOVE = YES;
				CLANG_WARN_UNGUARDED_AVAILABILITY = YES_AGGRESSIVE;
				CLANG_WARN_UNREACHABLE_CODE = YES;
				CLANG_WARN__DUPLICATE_METHOD_MATCH = YES;
				COPY_PHASE_STRIP = NO;
				DEBUG_INFORMATION_FORMAT = dwarf;
				ENABLE_STRICT_OBJC_MSGSEND = YES;
				ENABLE_TESTABILITY = YES;
				GCC_C_LANGUAGE_STANDARD = gnu11;
				GCC_DYNAMIC_NO_PIC = NO;
				GCC_NO_COMMON_BLOCKS = YES;
				GCC_OPTIMIZATION_LEVEL = 0;
				GCC_PREPROCESSOR_DEFINITIONS = (
					"DEBUG=1",
					"$(inherited)",
				);
				GCC_WARN_64_TO_32_BIT_CONVERSION = YES;
				GCC_WARN_ABOUT_RETURN_TYPE = YES_ERROR;
				GCC_WARN_UNDECLARED_SELECTOR = YES;
				GCC_WARN_UNINITIALIZED_AUTOS = YES_AGGRESSIVE;
				GCC_WARN_UNUSED_FUNCTION = YES;
				GCC_WARN_UNUSED_VARIABLE = YES;
				IPHONEOS_DEPLOYMENT_TARGET = 14.5;
				MTL_ENABLE_DEBUG_INFO = INCLUDE_SOURCE;
				MTL_FAST_MATH = YES;
				ONLY_ACTIVE_ARCH = YES;
				SDKROOT = iphoneos;
				SWIFT_ACTIVE_COMPILATION_CONDITIONS = DEBUG;
				SWIFT_OPTIMIZATION_LEVEL = "-Onone";
			};
			name = Debug;
		};
		734642D026D61B91006E7DEE /* Release */ = {
			isa = XCBuildConfiguration;
			buildSettings = {
				ALWAYS_SEARCH_USER_PATHS = NO;
				CLANG_ANALYZER_NONNULL = YES;
				CLANG_ANALYZER_NUMBER_OBJECT_CONVERSION = YES_AGGRESSIVE;
				CLANG_CXX_LANGUAGE_STANDARD = "gnu++14";
				CLANG_CXX_LIBRARY = "libc++";
				CLANG_ENABLE_MODULES = YES;
				CLANG_ENABLE_OBJC_ARC = YES;
				CLANG_ENABLE_OBJC_WEAK = YES;
				CLANG_WARN_BLOCK_CAPTURE_AUTORELEASING = YES;
				CLANG_WARN_BOOL_CONVERSION = YES;
				CLANG_WARN_COMMA = YES;
				CLANG_WARN_CONSTANT_CONVERSION = YES;
				CLANG_WARN_DEPRECATED_OBJC_IMPLEMENTATIONS = YES;
				CLANG_WARN_DIRECT_OBJC_ISA_USAGE = YES_ERROR;
				CLANG_WARN_DOCUMENTATION_COMMENTS = YES;
				CLANG_WARN_EMPTY_BODY = YES;
				CLANG_WARN_ENUM_CONVERSION = YES;
				CLANG_WARN_INFINITE_RECURSION = YES;
				CLANG_WARN_INT_CONVERSION = YES;
				CLANG_WARN_NON_LITERAL_NULL_CONVERSION = YES;
				CLANG_WARN_OBJC_IMPLICIT_RETAIN_SELF = YES;
				CLANG_WARN_OBJC_LITERAL_CONVERSION = YES;
				CLANG_WARN_OBJC_ROOT_CLASS = YES_ERROR;
				CLANG_WARN_QUOTED_INCLUDE_IN_FRAMEWORK_HEADER = YES;
				CLANG_WARN_RANGE_LOOP_ANALYSIS = YES;
				CLANG_WARN_STRICT_PROTOTYPES = YES;
				CLANG_WARN_SUSPICIOUS_MOVE = YES;
				CLANG_WARN_UNGUARDED_AVAILABILITY = YES_AGGRESSIVE;
				CLANG_WARN_UNREACHABLE_CODE = YES;
				CLANG_WARN__DUPLICATE_METHOD_MATCH = YES;
				COPY_PHASE_STRIP = NO;
				DEBUG_INFORMATION_FORMAT = "dwarf-with-dsym";
				ENABLE_NS_ASSERTIONS = NO;
				ENABLE_STRICT_OBJC_MSGSEND = YES;
				GCC_C_LANGUAGE_STANDARD = gnu11;
				GCC_NO_COMMON_BLOCKS = YES;
				GCC_WARN_64_TO_32_BIT_CONVERSION = YES;
				GCC_WARN_ABOUT_RETURN_TYPE = YES_ERROR;
				GCC_WARN_UNDECLARED_SELECTOR = YES;
				GCC_WARN_UNINITIALIZED_AUTOS = YES_AGGRESSIVE;
				GCC_WARN_UNUSED_FUNCTION = YES;
				GCC_WARN_UNUSED_VARIABLE = YES;
				IPHONEOS_DEPLOYMENT_TARGET = 14.5;
				MTL_ENABLE_DEBUG_INFO = NO;
				MTL_FAST_MATH = YES;
				SDKROOT = iphoneos;
				SWIFT_COMPILATION_MODE = wholemodule;
				SWIFT_OPTIMIZATION_LEVEL = "-O";
				VALIDATE_PRODUCT = YES;
			};
			name = Release;
		};
		734642D226D61B91006E7DEE /* Debug */ = {
			isa = XCBuildConfiguration;
			buildSettings = {
				ASSETCATALOG_COMPILER_APPICON_NAME = AppIcon;
				ASSETCATALOG_COMPILER_GLOBAL_ACCENT_COLOR_NAME = AccentColor;
				CODE_SIGN_STYLE = Automatic;
				DEVELOPMENT_TEAM = U269S79SS8;
				INFOPLIST_FILE = Kadai10/Info.plist;
				LD_RUNPATH_SEARCH_PATHS = (
					"$(inherited)",
					"@executable_path/Frameworks",
				);
				PRODUCT_BUNDLE_IDENTIFIER = com.akitaka.Kadai10;
				PRODUCT_NAME = "$(TARGET_NAME)";
				SWIFT_VERSION = 5.0;
				TARGETED_DEVICE_FAMILY = 1;
			};
			name = Debug;
		};
		734642D326D61B91006E7DEE /* Release */ = {
			isa = XCBuildConfiguration;
			buildSettings = {
				ASSETCATALOG_COMPILER_APPICON_NAME = AppIcon;
				ASSETCATALOG_COMPILER_GLOBAL_ACCENT_COLOR_NAME = AccentColor;
				CODE_SIGN_STYLE = Automatic;
				DEVELOPMENT_TEAM = U269S79SS8;
				INFOPLIST_FILE = Kadai10/Info.plist;
				LD_RUNPATH_SEARCH_PATHS = (
					"$(inherited)",
					"@executable_path/Frameworks",
				);
				PRODUCT_BUNDLE_IDENTIFIER = com.akitaka.Kadai10;
				PRODUCT_NAME = "$(TARGET_NAME)";
				SWIFT_VERSION = 5.0;
				TARGETED_DEVICE_FAMILY = 1;
			};
			name = Release;
		};
/* End XCBuildConfiguration section */

/* Begin XCConfigurationList section */
		734642B826D61B8F006E7DEE /* Build configuration list for PBXProject "Kadai10" */ = {
			isa = XCConfigurationList;
			buildConfigurations = (
				734642CF26D61B91006E7DEE /* Debug */,
				734642D026D61B91006E7DEE /* Release */,
			);
			defaultConfigurationIsVisible = 0;
			defaultConfigurationName = Release;
		};
		734642D126D61B91006E7DEE /* Build configuration list for PBXNativeTarget "Kadai10" */ = {
			isa = XCConfigurationList;
			buildConfigurations = (
				734642D226D61B91006E7DEE /* Debug */,
				734642D326D61B91006E7DEE /* Release */,
			);
			defaultConfigurationIsVisible = 0;
			defaultConfigurationName = Release;
		};
/* End XCConfigurationList section */
	};
	rootObject = 734642B526D61B8F006E7DEE /* Project object */;
}
